// !$*UTF8*$!
{
	archiveVersion = 1;
	classes = {
	};
	objectVersion = 50;
	objects = {

/* Begin PBXBuildFile section */
		3D596D2C20B4EDDE001BD41B /* MarsHabitatPricer.mlmodel in Sources */ = {isa = PBXBuildFile; fileRef = 3D596D2B20B4EDDE001BD41B /* MarsHabitatPricer.mlmodel */; };
		3DA1313520ABF8E800D5CFAA /* AppDelegate.swift in Sources */ = {isa = PBXBuildFile; fileRef = 3DA1313420ABF8E800D5CFAA /* AppDelegate.swift */; };
		3DA1313720ABF8E800D5CFAA /* ViewController.swift in Sources */ = {isa = PBXBuildFile; fileRef = 3DA1313620ABF8E800D5CFAA /* ViewController.swift */; };
		3DA1313A20ABF8E800D5CFAA /* Main.storyboard in Resources */ = {isa = PBXBuildFile; fileRef = 3DA1313820ABF8E800D5CFAA /* Main.storyboard */; };
		3DA1313C20ABF8E900D5CFAA /* Assets.xcassets in Resources */ = {isa = PBXBuildFile; fileRef = 3DA1313B20ABF8E900D5CFAA /* Assets.xcassets */; };
		3DA1313F20ABF8E900D5CFAA /* LaunchScreen.storyboard in Resources */ = {isa = PBXBuildFile; fileRef = 3DA1313D20ABF8E900D5CFAA /* LaunchScreen.storyboard */; };
/* End PBXBuildFile section */

/* Begin PBXFileReference section */
		3D596D2B20B4EDDE001BD41B /* MarsHabitatPricer.mlmodel */ = {isa = PBXFileReference; lastKnownFileType = file.mlmodel; path = MarsHabitatPricer.mlmodel; sourceTree = "<group>"; };
		3DA1313120ABF8E800D5CFAA /* MarsV2.app */ = {isa = PBXFileReference; explicitFileType = wrapper.application; includeInIndex = 0; path = MarsV2.app; sourceTree = BUILT_PRODUCTS_DIR; };
		3DA1313420ABF8E800D5CFAA /* AppDelegate.swift */ = {isa = PBXFileReference; lastKnownFileType = sourcecode.swift; path = AppDelegate.swift; sourceTree = "<group>"; };
		3DA1313620ABF8E800D5CFAA /* ViewController.swift */ = {isa = PBXFileReference; lastKnownFileType = sourcecode.swift; path = ViewController.swift; sourceTree = "<group>"; };
		3DA1313920ABF8E800D5CFAA /* Base */ = {isa = PBXFileReference; lastKnownFileType = file.storyboard; name = Base; path = Base.lproj/Main.storyboard; sourceTree = "<group>"; };
		3DA1313B20ABF8E900D5CFAA /* Assets.xcassets */ = {isa = PBXFileReference; lastKnownFileType = folder.assetcatalog; path = Assets.xcassets; sourceTree = "<group>"; };
		3DA1313E20ABF8E900D5CFAA /* Base */ = {isa = PBXFileReference; lastKnownFileType = file.storyboard; name = Base; path = Base.lproj/LaunchScreen.storyboard; sourceTree = "<group>"; };
		3DA1314020ABF8E900D5CFAA /* Info.plist */ = {isa = PBXFileReference; lastKnownFileType = text.plist.xml; path = Info.plist; sourceTree = "<group>"; };
/* End PBXFileReference section */

/* Begin PBXFrameworksBuildPhase section */
		3DA1312E20ABF8E800D5CFAA /* Frameworks */ = {
			isa = PBXFrameworksBuildPhase;
			buildActionMask = 2147483647;
			files = (
			);
			runOnlyForDeploymentPostprocessing = 0;
		};
/* End PBXFrameworksBuildPhase section */

/* Begin PBXGroup section */
		3DA1312820ABF8E800D5CFAA = {
			isa = PBXGroup;
			children = (
				3DA1313320ABF8E800D5CFAA /* MarsV2 */,
				3DA1313220ABF8E800D5CFAA /* Products */,
			);
			sourceTree = "<group>";
		};
		3DA1313220ABF8E800D5CFAA /* Products */ = {
			isa = PBXGroup;
			children = (
				3DA1313120ABF8E800D5CFAA /* MarsV2.app */,
			);
			name = Products;
			sourceTree = "<group>";
		};
		3DA1313320ABF8E800D5CFAA /* MarsV2 */ = {
			isa = PBXGroup;
			children = (
				3DA1313420ABF8E800D5CFAA /* AppDelegate.swift */,
				3DA1313620ABF8E800D5CFAA /* ViewController.swift */,
				3DA1313820ABF8E800D5CFAA /* Main.storyboard */,
				3D596D2B20B4EDDE001BD41B /* MarsHabitatPricer.mlmodel */,
				3DA1313B20ABF8E900D5CFAA /* Assets.xcassets */,
				3DA1313D20ABF8E900D5CFAA /* LaunchScreen.storyboard */,
				3DA1314020ABF8E900D5CFAA /* Info.plist */,
			);
			path = MarsV2;
			sourceTree = "<group>";
		};
/* End PBXGroup section */

/* Begin PBXNativeTarget section */
		3DA1313020ABF8E800D5CFAA /* MarsV2 */ = {
			isa = PBXNativeTarget;
			buildConfigurationList = 3DA1314320ABF8E900D5CFAA /* Build configuration list for PBXNativeTarget "MarsV2" */;
			buildPhases = (
				3DA1312D20ABF8E800D5CFAA /* Sources */,
				3DA1312E20ABF8E800D5CFAA /* Frameworks */,
				3DA1312F20ABF8E800D5CFAA /* Resources */,
			);
			buildRules = (
			);
			dependencies = (
			);
			name = MarsV2;
			productName = MarsV2;
			productReference = 3DA1313120ABF8E800D5CFAA /* MarsV2.app */;
			productType = "com.apple.product-type.application";
		};
/* End PBXNativeTarget section */

/* Begin PBXProject section */
		3DA1312920ABF8E800D5CFAA /* Project object */ = {
			isa = PBXProject;
			attributes = {
				LastSwiftUpdateCheck = 0930;
				LastUpgradeCheck = 0930;
				ORGANIZATIONNAME = "Myoung-Wan Koo";
				TargetAttributes = {
					3DA1313020ABF8E800D5CFAA = {
						CreatedOnToolsVersion = 9.3.1;
					};
				};
			};
			buildConfigurationList = 3DA1312C20ABF8E800D5CFAA /* Build configuration list for PBXProject "MarsV2" */;
			compatibilityVersion = "Xcode 9.3";
			developmentRegion = en;
			hasScannedForEncodings = 0;
			knownRegions = (
				en,
				Base,
			);
			mainGroup = 3DA1312820ABF8E800D5CFAA;
			productRefGroup = 3DA1313220ABF8E800D5CFAA /* Products */;
			projectDirPath = "";
			projectRoot = "";
			targets = (
				3DA1313020ABF8E800D5CFAA /* MarsV2 */,
			);
		};
/* End PBXProject section */

/* Begin PBXResourcesBuildPhase section */
		3DA1312F20ABF8E800D5CFAA /* Resources */ = {
			isa = PBXResourcesBuildPhase;
			buildActionMask = 2147483647;
			files = (
				3DA1313F20ABF8E900D5CFAA /* LaunchScreen.storyboard in Resources */,
				3DA1313C20ABF8E900D5CFAA /* Assets.xcassets in Resources */,
				3DA1313A20ABF8E800D5CFAA /* Main.storyboard in Resources */,
			);
			runOnlyForDeploymentPostprocessing = 0;
		};
/* End PBXResourcesBuildPhase section */

/* Begin PBXSourcesBuildPhase section */
		3DA1312D20ABF8E800D5CFAA /* Sources */ = {
			isa = PBXSourcesBuildPhase;
			buildActionMask = 2147483647;
			files = (
				3DA1313720ABF8E800D5CFAA /* ViewController.swift in Sources */,
				3DA1313520ABF8E800D5CFAA /* AppDelegate.swift in Sources */,
				3D596D2C20B4EDDE001BD41B /* MarsHabitatPricer.mlmodel in Sources */,
			);
			runOnlyForDeploymentPostprocessing = 0;
		};
/* End PBXSourcesBuildPhase section */

/* Begin PBXVariantGroup section */
		3DA1313820ABF8E800D5CFAA /* Main.storyboard */ = {
			isa = PBXVariantGroup;
			children = (
				3DA1313920ABF8E800D5CFAA /* Base */,
			);
			name = Main.storyboard;
			sourceTree = "<group>";
		};
		3DA1313D20ABF8E900D5CFAA /* LaunchScreen.storyboard */ = {
			isa = PBXVariantGroup;
			children = (
				3DA1313E20ABF8E900D5CFAA /* Base */,
			);
			name = LaunchScreen.storyboard;
			sourceTree = "<group>";
		};
/* End PBXVariantGroup section */

/* Begin XCBuildConfiguration section */
		3DA1314120ABF8E900D5CFAA /* Debug */ = {
			isa = XCBuildConfiguration;
			buildSettings = {
				ALWAYS_SEARCH_USER_PATHS = NO;
				CLANG_ANALYZER_NONNULL = YES;
				CLANG_ANALYZER_NUMBER_OBJECT_CONVERSION = YES_AGGRESSIVE;
				CLANG_CXX_LANGUAGE_STANDARD = "gnu++14";
				CLANG_CXX_LIBRARY = "libc++";
				CLANG_ENABLE_MODULES = YES;
				CLANG_ENABLE_OBJC_ARC = YES;
				CLANG_ENABLE_OBJC_WEAK = YES;
				CLANG_WARN_BLOCK_CAPTURE_AUTORELEASING = YES;
				CLANG_WARN_BOOL_CONVERSION = YES;
				CLANG_WARN_COMMA = YES;
				CLANG_WARN_CONSTANT_CONVERSION = YES;
				CLANG_WARN_DEPRECATED_OBJC_IMPLEMENTATIONS = YES;
				CLANG_WARN_DIRECT_OBJC_ISA_USAGE = YES_ERROR;
				CLANG_WARN_DOCUMENTATION_COMMENTS = YES;
				CLANG_WARN_EMPTY_BODY = YES;
				CLANG_WARN_ENUM_CONVERSION = YES;
				CLANG_WARN_INFINITE_RECURSION = YES;
				CLANG_WARN_INT_CONVERSION = YES;
				CLANG_WARN_NON_LITERAL_NULL_CONVERSION = YES;
				CLANG_WARN_OBJC_IMPLICIT_RETAIN_SELF = YES;
				CLANG_WARN_OBJC_LITERAL_CONVERSION = YES;
				CLANG_WARN_OBJC_ROOT_CLASS = YES_ERROR;
				CLANG_WARN_RANGE_LOOP_ANALYSIS = YES;
				CLANG_WARN_STRICT_PROTOTYPES = YES;
				CLANG_WARN_SUSPICIOUS_MOVE = YES;
				CLANG_WARN_UNGUARDED_AVAILABILITY = YES_AGGRESSIVE;
				CLANG_WARN_UNREACHABLE_CODE = YES;
				CLANG_WARN__DUPLICATE_METHOD_MATCH = YES;
				CODE_SIGN_IDENTITY = "iPhone Developer";
				COPY_PHASE_STRIP = NO;
				DEBUG_INFORMATION_FORMAT = dwarf;
				ENABLE_STRICT_OBJC_MSGSEND = YES;
				ENABLE_TESTABILITY = YES;
				GCC_C_LANGUAGE_STANDARD = gnu11;
				GCC_DYNAMIC_NO_PIC = NO;
				GCC_NO_COMMON_BLOCKS = YES;
				GCC_OPTIMIZATION_LEVEL = 0;
				GCC_PREPROCESSOR_DEFINITIONS = (
					"DEBUG=1",
					"$(inherited)",
				);
				GCC_WARN_64_TO_32_BIT_CONVERSION = YES;
				GCC_WARN_ABOUT_RETURN_TYPE = YES_ERROR;
				GCC_WARN_UNDECLARED_SELECTOR = YES;
				GCC_WARN_UNINITIALIZED_AUTOS = YES_AGGRESSIVE;
				GCC_WARN_UNUSED_FUNCTION = YES;
				GCC_WARN_UNUSED_VARIABLE = YES;
				IPHONEOS_DEPLOYMENT_TARGET = 11.3;
				MTL_ENABLE_DEBUG_INFO = YES;
				ONLY_ACTIVE_ARCH = YES;
				SDKROOT = iphoneos;
				SWIFT_ACTIVE_COMPILATION_CONDITIONS = DEBUG;
				SWIFT_OPTIMIZATION_LEVEL = "-Onone";
			};
			name = Debug;
		};
		3DA1314220ABF8E900D5CFAA /* Release */ = {
			isa = XCBuildConfiguration;
			buildSettings = {
				ALWAYS_SEARCH_USER_PATHS = NO;
				CLANG_ANALYZER_NONNULL = YES;
				CLANG_ANALYZER_NUMBER_OBJECT_CONVERSION = YES_AGGRESSIVE;
				CLANG_CXX_LANGUAGE_STANDARD = "gnu++14";
				CLANG_CXX_LIBRARY = "libc++";
				CLANG_ENABLE_MODULES = YES;
				CLANG_ENABLE_OBJC_ARC = YES;
				CLANG_ENABLE_OBJC_WEAK = YES;
				CLANG_WARN_BLOCK_CAPTURE_AUTORELEASING = YES;
				CLANG_WARN_BOOL_CONVERSION = YES;
				CLANG_WARN_COMMA = YES;
				CLANG_WARN_CONSTANT_CONVERSION = YES;
				CLANG_WARN_DEPRECATED_OBJC_IMPLEMENTATIONS = YES;
				CLANG_WARN_DIRECT_OBJC_ISA_USAGE = YES_ERROR;
				CLANG_WARN_DOCUMENTATION_COMMENTS = YES;
				CLANG_WARN_EMPTY_BODY = YES;
				CLANG_WARN_ENUM_CONVERSION = YES;
				CLANG_WARN_INFINITE_RECURSION = YES;
				CLANG_WARN_INT_CONVERSION = YES;
				CLANG_WARN_NON_LITERAL_NULL_CONVERSION = YES;
				CLANG_WARN_OBJC_IMPLICIT_RETAIN_SELF = YES;
				CLANG_WARN_OBJC_LITERAL_CONVERSION = YES;
				CLANG_WARN_OBJC_ROOT_CLASS = YES_ERROR;
				CLANG_WARN_RANGE_LOOP_ANALYSIS = YES;
				CLANG_WARN_STRICT_PROTOTYPES = YES;
				CLANG_WARN_SUSPICIOUS_MOVE = YES;
				CLANG_WARN_UNGUARDED_AVAILABILITY = YES_AGGRESSIVE;
				CLANG_WARN_UNREACHABLE_CODE = YES;
				CLANG_WARN__DUPLICATE_METHOD_MATCH = YES;
				CODE_SIGN_IDENTITY = "iPhone Developer";
				COPY_PHASE_STRIP = NO;
				DEBUG_INFORMATION_FORMAT = "dwarf-with-dsym";
				ENABLE_NS_ASSERTIONS = NO;
				ENABLE_STRICT_OBJC_MSGSEND = YES;
				GCC_C_LANGUAGE_STANDARD = gnu11;
				GCC_NO_COMMON_BLOCKS = YES;
				GCC_WARN_64_TO_32_BIT_CONVERSION = YES;
				GCC_WARN_ABOUT_RETURN_TYPE = YES_ERROR;
				GCC_WARN_UNDECLARED_SELECTOR = YES;
				GCC_WARN_UNINITIALIZED_AUTOS = YES_AGGRESSIVE;
				GCC_WARN_UNUSED_FUNCTION = YES;
				GCC_WARN_UNUSED_VARIABLE = YES;
				IPHONEOS_DEPLOYMENT_TARGET = 11.3;
				MTL_ENABLE_DEBUG_INFO = NO;
				SDKROOT = iphoneos;
				SWIFT_COMPILATION_MODE = wholemodule;
				SWIFT_OPTIMIZATION_LEVEL = "-O";
				VALIDATE_PRODUCT = YES;
			};
			name = Release;
		};
		3DA1314420ABF8E900D5CFAA /* Debug */ = {
			isa = XCBuildConfiguration;
			buildSettings = {
				ASSETCATALOG_COMPILER_APPICON_NAME = AppIcon;
				CODE_SIGN_STYLE = Automatic;
				DEVELOPMENT_TEAM = 3Y3Z2Z567H;
				INFOPLIST_FILE = MarsV2/Info.plist;
				IPHONEOS_DEPLOYMENT_TARGET = 11.3;
				LD_RUNPATH_SEARCH_PATHS = (
					"$(inherited)",
					"@executable_path/Frameworks",
				);
				PRODUCT_BUNDLE_IDENTIFIER = kr.ac.sogang.cscp2.prof.MarsV2;
				PRODUCT_NAME = "$(TARGET_NAME)";
				SWIFT_VERSION = 4.0;
				TARGETED_DEVICE_FAMILY = "1,2";
			};
			name = Debug;
		};
		3DA1314520ABF8E900D5CFAA /* Release */ = {
			isa = XCBuildConfiguration;
			buildSettings = {
				ASSETCATALOG_COMPILER_APPICON_NAME = AppIcon;
				CODE_SIGN_STYLE = Automatic;
				DEVELOPMENT_TEAM = 3Y3Z2Z567H;
				INFOPLIST_FILE = MarsV2/Info.plist;
				IPHONEOS_DEPLOYMENT_TARGET = 11.3;
				LD_RUNPATH_SEARCH_PATHS = (
					"$(inherited)",
					"@executable_path/Frameworks",
				);
				PRODUCT_BUNDLE_IDENTIFIER = kr.ac.sogang.cscp2.prof.MarsV2;
				PRODUCT_NAME = "$(TARGET_NAME)";
				SWIFT_VERSION = 4.0;
				TARGETED_DEVICE_FAMILY = "1,2";
			};
			name = Release;
		};
/* End XCBuildConfiguration section */

/* Begin XCConfigurationList section */
		3DA1312C20ABF8E800D5CFAA /* Build configuration list for PBXProject "MarsV2" */ = {
			isa = XCConfigurationList;
			buildConfigurations = (
				3DA1314120ABF8E900D5CFAA /* Debug */,
				3DA1314220ABF8E900D5CFAA /* Release */,
			);
			defaultConfigurationIsVisible = 0;
			defaultConfigurationName = Release;
		};
		3DA1314320ABF8E900D5CFAA /* Build configuration list for PBXNativeTarget "MarsV2" */ = {
			isa = XCConfigurationList;
			buildConfigurations = (
				3DA1314420ABF8E900D5CFAA /* Debug */,
				3DA1314520ABF8E900D5CFAA /* Release */,
			);
			defaultConfigurationIsVisible = 0;
			defaultConfigurationName = Release;
		};
/* End XCConfigurationList section */
	};
	rootObject = 3DA1312920ABF8E800D5CFAA /* Project object */;
}
